{
  "name": "lib-test",
  "version": "1.0.0",
  "lockfileVersion": 1,
  "requires": true,
  "dependencies": {
    "y-shadow-box": {
      "version": "1.0.2",
      "resolved": "https://registry.npmjs.org/y-shadow-box/-/y-shadow-box-1.0.2.tgz",
      "integrity": "sha512-mLk0jD3+uh2PzdGOWnMnupF+jds+ftBn6+fGtGIt5mmRuAEk9UZPaQgZXlsB04jCLfEH2L5IlynuAsydEcCPRg=="
    }
  }
}
